
Microsoft Visual Studio Solution File, Format Version 12.00
# Visual Studio Version 16
VisualStudioVersion = 16.0.30717.126
MinimumVisualStudioVersion = 10.0.40219.1
Project("{FAE04EC0-301F-11D3-BF4B-00C04F79EFBC}") = "MoneyCalculator", "MoneyCalculator\MoneyCalculator.csproj", "{4088D134-2A60-44C5-A3C9-B441312D845D}"
EndProject
Global
	GlobalSection(SolutionConfigurationPlatforms) = preSolution
		Debug|Any CPU = Debug|Any CPU
		Release|Any CPU = Release|Any CPU
	EndGlobalSection
	GlobalSection(ProjectConfigurationPlatforms) = postSolution
		{4088D134-2A60-44C5-A3C9-B441312D845D}.Debug|Any CPU.ActiveCfg = Debug|Any CPU
		{4088D134-2A60-44C5-A3C9-B441312D845D}.Debug|Any CPU.Build.0 = Debug|Any CPU
		{4088D134-2A60-44C5-A3C9-B441312D845D}.Release|Any CPU.ActiveCfg = Release|Any CPU
		{4088D134-2A60-44C5-A3C9-B441312D845D}.Release|Any CPU.Build.0 = Release|Any CPU
	EndGlobalSection
	GlobalSection(SolutionProperties) = preSolution
		HideSolutionNode = FALSE
	EndGlobalSection
	GlobalSection(ExtensibilityGlobals) = postSolution
		SolutionGuid = {C17EEC09-EB98-4AB0-909C-778B1D769DEE}
	EndGlobalSection
EndGlobal
